// !$*UTF8*$!
{
	archiveVersion = 1;
	classes = {
	};
	objectVersion = 46;
	objects = {

/* Begin PBXBuildFile section */
		5412D3BB1EA4C21900D40CFD /* Test13.m in Sources */ = {isa = PBXBuildFile; fileRef = 5412D3BA1EA4C21900D40CFD /* Test13.m */; };
		542585FD1E9B61880014D5E4 /* Test12.m in Sources */ = {isa = PBXBuildFile; fileRef = 542585FC1E9B61880014D5E4 /* Test12.m */; };
		542586031E9B6D2F0014D5E4 /* NSMutableArray+category.m in Sources */ = {isa = PBXBuildFile; fileRef = 542586021E9B6D2F0014D5E4 /* NSMutableArray+category.m */; };
		5431C8051EA49B9200205963 /* TestCoreData.xib in Resources */ = {isa = PBXBuildFile; fileRef = 5431C8041EA49B9200205963 /* TestCoreData.xib */; };
		54514FCA1E8BB3D80067E7AF /* main.m in Sources */ = {isa = PBXBuildFile; fileRef = 54514FC91E8BB3D80067E7AF /* main.m */; };
		54514FCD1E8BB3D80067E7AF /* AppDelegate.m in Sources */ = {isa = PBXBuildFile; fileRef = 54514FCC1E8BB3D80067E7AF /* AppDelegate.m */; };
		54514FD01E8BB3D80067E7AF /* ViewController.m in Sources */ = {isa = PBXBuildFile; fileRef = 54514FCF1E8BB3D80067E7AF /* ViewController.m */; };
		54514FD31E8BB3D80067E7AF /* Main.storyboard in Resources */ = {isa = PBXBuildFile; fileRef = 54514FD11E8BB3D80067E7AF /* Main.storyboard */; };
		54514FD51E8BB3D80067E7AF /* Assets.xcassets in Resources */ = {isa = PBXBuildFile; fileRef = 54514FD41E8BB3D80067E7AF /* Assets.xcassets */; };
		54514FD81E8BB3D80067E7AF /* LaunchScreen.storyboard in Resources */ = {isa = PBXBuildFile; fileRef = 54514FD61E8BB3D80067E7AF /* LaunchScreen.storyboard */; };
		54514FE31E8BB3D90067E7AF /* test_jobQuestionsTests.m in Sources */ = {isa = PBXBuildFile; fileRef = 54514FE21E8BB3D90067E7AF /* test_jobQuestionsTests.m */; };
		54514FEE1E8BB3D90067E7AF /* test_jobQuestionsUITests.m in Sources */ = {isa = PBXBuildFile; fileRef = 54514FED1E8BB3D90067E7AF /* test_jobQuestionsUITests.m */; };
		546F46861E96247200243CCE /* Const.m in Sources */ = {isa = PBXBuildFile; fileRef = 546F46851E96247200243CCE /* Const.m */; };
		548E63411EA99F2200158B7F /* TestBlockReference.m in Sources */ = {isa = PBXBuildFile; fileRef = 548E63401EA99F2200158B7F /* TestBlockReference.m */; };
		5492F7051E9E2C4000B04424 /* TestCoreData.m in Sources */ = {isa = PBXBuildFile; fileRef = 5492F7041E9E2C4000B04424 /* TestCoreData.m */; };
		5495B2EA1E94F153000CEF45 /* Test11.m in Sources */ = {isa = PBXBuildFile; fileRef = 5495B2D21E94F153000CEF45 /* Test11.m */; };
		5495B2EB1E94F153000CEF45 /* TestEight.m in Sources */ = {isa = PBXBuildFile; fileRef = 5495B2D41E94F153000CEF45 /* TestEight.m */; };
		5495B2EC1E94F153000CEF45 /* TestNine.m in Sources */ = {isa = PBXBuildFile; fileRef = 5495B2D61E94F153000CEF45 /* TestNine.m */; };
		5495B2ED1E94F153000CEF45 /* TestTen.m in Sources */ = {isa = PBXBuildFile; fileRef = 5495B2D81E94F153000CEF45 /* TestTen.m */; };
		5495B2EE1E94F153000CEF45 /* TestTen.xib in Resources */ = {isa = PBXBuildFile; fileRef = 5495B2D91E94F153000CEF45 /* TestTen.xib */; };
		5495B2EF1E94F153000CEF45 /* TestFour.m in Sources */ = {isa = PBXBuildFile; fileRef = 5495B2DC1E94F153000CEF45 /* TestFour.m */; };
		5495B2F01E94F153000CEF45 /* TestOne.m in Sources */ = {isa = PBXBuildFile; fileRef = 5495B2DE1E94F153000CEF45 /* TestOne.m */; };
		5495B2F11E94F153000CEF45 /* TestSix.m in Sources */ = {isa = PBXBuildFile; fileRef = 5495B2E01E94F153000CEF45 /* TestSix.m */; };
		5495B2F21E94F153000CEF45 /* TestTwo.m in Sources */ = {isa = PBXBuildFile; fileRef = 5495B2E21E94F153000CEF45 /* TestTwo.m */; };
		5495B2F31E94F153000CEF45 /* TestFive.m in Sources */ = {isa = PBXBuildFile; fileRef = 5495B2E51E94F153000CEF45 /* TestFive.m */; };
		5495B2F41E94F153000CEF45 /* TestSeven.m in Sources */ = {isa = PBXBuildFile; fileRef = 5495B2E71E94F153000CEF45 /* TestSeven.m */; };
		5495B2F51E94F153000CEF45 /* TestThree.m in Sources */ = {isa = PBXBuildFile; fileRef = 5495B2E91E94F153000CEF45 /* TestThree.m */; };
		54A08D321EA851EA0072B5B2 /* TestMyExtension.m in Sources */ = {isa = PBXBuildFile; fileRef = 54A08D311EA851EA0072B5B2 /* TestMyExtension.m */; };
		54A428771E9F7659001D4E46 /* CoreDataModel.xcdatamodeld in Sources */ = {isa = PBXBuildFile; fileRef = 54A428751E9F7659001D4E46 /* CoreDataModel.xcdatamodeld */; };
		54A4303B1EA756B0005BBCF6 /* TestKVO.m in Sources */ = {isa = PBXBuildFile; fileRef = 54A430371EA756B0005BBCF6 /* TestKVO.m */; };
		54A430431EA7592C005BBCF6 /* TestKVOCell.m in Sources */ = {isa = PBXBuildFile; fileRef = 54A4303E1EA7592C005BBCF6 /* TestKVOCell.m */; };
		54A430441EA7592C005BBCF6 /* TestKVOCell.xib in Resources */ = {isa = PBXBuildFile; fileRef = 54A4303F1EA7592C005BBCF6 /* TestKVOCell.xib */; };
		54A430451EA7592C005BBCF6 /* TestKVO1.m in Sources */ = {isa = PBXBuildFile; fileRef = 54A430421EA7592C005BBCF6 /* TestKVO1.m */; };
		54A4304A1EA759A6005BBCF6 /* TestKVO2.m in Sources */ = {isa = PBXBuildFile; fileRef = 54A430491EA759A6005BBCF6 /* TestKVO2.m */; };
		54B1B5131EA5AB0900B7047F /* Test14.m in Sources */ = {isa = PBXBuildFile; fileRef = 54B1B5121EA5AB0900B7047F /* Test14.m */; };
		54BF383E1E8E5678002A38DF /* BaseTest.m in Sources */ = {isa = PBXBuildFile; fileRef = 54BF383D1E8E5678002A38DF /* BaseTest.m */; };
		54C16E421E95E38E003F6BFA /* NSString+category.m in Sources */ = {isa = PBXBuildFile; fileRef = 54C16E411E95E38E003F6BFA /* NSString+category.m */; };
		54DBA4141EAD9B3B00F2CE11 /* TestCopy.m in Sources */ = {isa = PBXBuildFile; fileRef = 54DBA4131EAD9B3B00F2CE11 /* TestCopy.m */; };
		54E152601E9F61CA0016771D /* BaseCoreDataModel.m in Sources */ = {isa = PBXBuildFile; fileRef = 54E1525F1E9F61CA0016771D /* BaseCoreDataModel.m */; };
		54EB681F1EA5F7EC00C13BB9 /* TestDynamicJson.m in Sources */ = {isa = PBXBuildFile; fileRef = 54EB681E1EA5F7EC00C13BB9 /* TestDynamicJson.m */; };
		54EFCE611EAA0AFC00DB218D /* LearnSDWebImage.m in Sources */ = {isa = PBXBuildFile; fileRef = 54EFCE601EAA0AFC00DB218D /* LearnSDWebImage.m */; };
		54EFCE651EAA0D2100DB218D /* TestCellCacheMethod.m in Sources */ = {isa = PBXBuildFile; fileRef = 54EFCE641EAA0D2100DB218D /* TestCellCacheMethod.m */; };
		54EFCE691EAA0D9B00DB218D /* TestCellCacheCell.m in Sources */ = {isa = PBXBuildFile; fileRef = 54EFCE671EAA0D9B00DB218D /* TestCellCacheCell.m */; };
		54EFCE6A1EAA0D9B00DB218D /* TestCellCacheCell.xib in Resources */ = {isa = PBXBuildFile; fileRef = 54EFCE681EAA0D9B00DB218D /* TestCellCacheCell.xib */; };
		59E04B47E0EE7FD1394107BB /* Pods_test_jobQuestions.framework in Frameworks */ = {isa = PBXBuildFile; fileRef = BDC97A314EFF12D4738A77E2 /* Pods_test_jobQuestions.framework */; };
/* End PBXBuildFile section */

/* Begin PBXContainerItemProxy section */
		54514FDF1E8BB3D90067E7AF /* PBXContainerItemProxy */ = {
			isa = PBXContainerItemProxy;
			containerPortal = 54514FBD1E8BB3D80067E7AF /* Project object */;
			proxyType = 1;
			remoteGlobalIDString = 54514FC41E8BB3D80067E7AF;
			remoteInfo = test_jobQuestions;
		};
		54514FEA1E8BB3D90067E7AF /* PBXContainerItemProxy */ = {
			isa = PBXContainerItemProxy;
			containerPortal = 54514FBD1E8BB3D80067E7AF /* Project object */;
			proxyType = 1;
			remoteGlobalIDString = 54514FC41E8BB3D80067E7AF;
			remoteInfo = test_jobQuestions;
		};
/* End PBXContainerItemProxy section */

/* Begin PBXFileReference section */
		4797361ED16B0B9C6E843CB7 /* Pods-test_jobQuestions.debug.xcconfig */ = {isa = PBXFileReference; includeInIndex = 1; lastKnownFileType = text.xcconfig; name = "Pods-test_jobQuestions.debug.xcconfig"; path = "Pods/Target Support Files/Pods-test_jobQuestions/Pods-test_jobQuestions.debug.xcconfig"; sourceTree = "<group>"; };
		5412D3B91EA4C21900D40CFD /* Test13.h */ = {isa = PBXFileReference; fileEncoding = 4; lastKnownFileType = sourcecode.c.h; name = Test13.h; path = ../Test13.h; sourceTree = "<group>"; };
		5412D3BA1EA4C21900D40CFD /* Test13.m */ = {isa = PBXFileReference; fileEncoding = 4; lastKnownFileType = sourcecode.c.objc; name = Test13.m; path = ../Test13.m; sourceTree = "<group>"; };
		542585FB1E9B61880014D5E4 /* Test12.h */ = {isa = PBXFileReference; fileEncoding = 4; lastKnownFileType = sourcecode.c.h; path = Test12.h; sourceTree = "<group>"; };
		542585FC1E9B61880014D5E4 /* Test12.m */ = {isa = PBXFileReference; fileEncoding = 4; lastKnownFileType = sourcecode.c.objc; path = Test12.m; sourceTree = "<group>"; };
		542586011E9B6D2F0014D5E4 /* NSMutableArray+category.h */ = {isa = PBXFileReference; fileEncoding = 4; lastKnownFileType = sourcecode.c.h; path = "NSMutableArray+category.h"; sourceTree = "<group>"; };
		542586021E9B6D2F0014D5E4 /* NSMutableArray+category.m */ = {isa = PBXFileReference; fileEncoding = 4; lastKnownFileType = sourcecode.c.objc; path = "NSMutableArray+category.m"; sourceTree = "<group>"; };
		5431C8041EA49B9200205963 /* TestCoreData.xib */ = {isa = PBXFileReference; fileEncoding = 4; lastKnownFileType = file.xib; path = TestCoreData.xib; sourceTree = "<group>"; };
		54514FC51E8BB3D80067E7AF /* test_jobQuestions.app */ = {isa = PBXFileReference; explicitFileType = wrapper.application; includeInIndex = 0; path = test_jobQuestions.app; sourceTree = BUILT_PRODUCTS_DIR; };
		54514FC91E8BB3D80067E7AF /* main.m */ = {isa = PBXFileReference; lastKnownFileType = sourcecode.c.objc; path = main.m; sourceTree = "<group>"; };
		54514FCB1E8BB3D80067E7AF /* AppDelegate.h */ = {isa = PBXFileReference; lastKnownFileType = sourcecode.c.h; path = AppDelegate.h; sourceTree = "<group>"; };
		54514FCC1E8BB3D80067E7AF /* AppDelegate.m */ = {isa = PBXFileReference; lastKnownFileType = sourcecode.c.objc; path = AppDelegate.m; sourceTree = "<group>"; };
		54514FCE1E8BB3D80067E7AF /* ViewController.h */ = {isa = PBXFileReference; lastKnownFileType = sourcecode.c.h; path = ViewController.h; sourceTree = "<group>"; };
		54514FCF1E8BB3D80067E7AF /* ViewController.m */ = {isa = PBXFileReference; lastKnownFileType = sourcecode.c.objc; path = ViewController.m; sourceTree = "<group>"; };
		54514FD21E8BB3D80067E7AF /* Base */ = {isa = PBXFileReference; lastKnownFileType = file.storyboard; name = Base; path = Base.lproj/Main.storyboard; sourceTree = "<group>"; };
		54514FD41E8BB3D80067E7AF /* Assets.xcassets */ = {isa = PBXFileReference; lastKnownFileType = folder.assetcatalog; path = Assets.xcassets; sourceTree = "<group>"; };
		54514FD71E8BB3D80067E7AF /* Base */ = {isa = PBXFileReference; lastKnownFileType = file.storyboard; name = Base; path = Base.lproj/LaunchScreen.storyboard; sourceTree = "<group>"; };
		54514FD91E8BB3D80067E7AF /* Info.plist */ = {isa = PBXFileReference; lastKnownFileType = text.plist.xml; path = Info.plist; sourceTree = "<group>"; };
		54514FDE1E8BB3D90067E7AF /* test_jobQuestionsTests.xctest */ = {isa = PBXFileReference; explicitFileType = wrapper.cfbundle; includeInIndex = 0; path = test_jobQuestionsTests.xctest; sourceTree = BUILT_PRODUCTS_DIR; };
		54514FE21E8BB3D90067E7AF /* test_jobQuestionsTests.m */ = {isa = PBXFileReference; lastKnownFileType = sourcecode.c.objc; path = test_jobQuestionsTests.m; sourceTree = "<group>"; };
		54514FE41E8BB3D90067E7AF /* Info.plist */ = {isa = PBXFileReference; lastKnownFileType = text.plist.xml; path = Info.plist; sourceTree = "<group>"; };
		54514FE91E8BB3D90067E7AF /* test_jobQuestionsUITests.xctest */ = {isa = PBXFileReference; explicitFileType = wrapper.cfbundle; includeInIndex = 0; path = test_jobQuestionsUITests.xctest; sourceTree = BUILT_PRODUCTS_DIR; };
		54514FED1E8BB3D90067E7AF /* test_jobQuestionsUITests.m */ = {isa = PBXFileReference; lastKnownFileType = sourcecode.c.objc; path = test_jobQuestionsUITests.m; sourceTree = "<group>"; };
		54514FEF1E8BB3D90067E7AF /* Info.plist */ = {isa = PBXFileReference; lastKnownFileType = text.plist.xml; path = Info.plist; sourceTree = "<group>"; };
		545150001E8BBD220067E7AF /* prefixHeader.pch */ = {isa = PBXFileReference; fileEncoding = 4; lastKnownFileType = sourcecode.c.h; path = prefixHeader.pch; sourceTree = "<group>"; };
		546F46841E96247200243CCE /* Const.h */ = {isa = PBXFileReference; fileEncoding = 4; lastKnownFileType = sourcecode.c.h; path = Const.h; sourceTree = "<group>"; };
		546F46851E96247200243CCE /* Const.m */ = {isa = PBXFileReference; fileEncoding = 4; lastKnownFileType = sourcecode.c.objc; path = Const.m; sourceTree = "<group>"; };
		548E633F1EA99F2200158B7F /* TestBlockReference.h */ = {isa = PBXFileReference; fileEncoding = 4; lastKnownFileType = sourcecode.c.h; path = TestBlockReference.h; sourceTree = "<group>"; };
		548E63401EA99F2200158B7F /* TestBlockReference.m */ = {isa = PBXFileReference; fileEncoding = 4; lastKnownFileType = sourcecode.c.objc; path = TestBlockReference.m; sourceTree = "<group>"; };
		5492F7031E9E2C4000B04424 /* TestCoreData.h */ = {isa = PBXFileReference; fileEncoding = 4; lastKnownFileType = sourcecode.c.h; path = TestCoreData.h; sourceTree = "<group>"; };
		5492F7041E9E2C4000B04424 /* TestCoreData.m */ = {isa = PBXFileReference; fileEncoding = 4; lastKnownFileType = sourcecode.c.objc; path = TestCoreData.m; sourceTree = "<group>"; };
		5495B2D11E94F153000CEF45 /* Test11.h */ = {isa = PBXFileReference; fileEncoding = 4; lastKnownFileType = sourcecode.c.h; path = Test11.h; sourceTree = "<group>"; };
		5495B2D21E94F153000CEF45 /* Test11.m */ = {isa = PBXFileReference; fileEncoding = 4; lastKnownFileType = sourcecode.c.objc; path = Test11.m; sourceTree = "<group>"; };
		5495B2D31E94F153000CEF45 /* TestEight.h */ = {isa = PBXFileReference; fileEncoding = 4; lastKnownFileType = sourcecode.c.h; path = TestEight.h; sourceTree = "<group>"; };
		5495B2D41E94F153000CEF45 /* TestEight.m */ = {isa = PBXFileReference; fileEncoding = 4; lastKnownFileType = sourcecode.c.objc; path = TestEight.m; sourceTree = "<group>"; };
		5495B2D51E94F153000CEF45 /* TestNine.h */ = {isa = PBXFileReference; fileEncoding = 4; lastKnownFileType = sourcecode.c.h; path = TestNine.h; sourceTree = "<group>"; };
		5495B2D61E94F153000CEF45 /* TestNine.m */ = {isa = PBXFileReference; fileEncoding = 4; lastKnownFileType = sourcecode.c.objc; path = TestNine.m; sourceTree = "<group>"; };
		5495B2D71E94F153000CEF45 /* TestTen.h */ = {isa = PBXFileReference; fileEncoding = 4; lastKnownFileType = sourcecode.c.h; path = TestTen.h; sourceTree = "<group>"; };
		5495B2D81E94F153000CEF45 /* TestTen.m */ = {isa = PBXFileReference; fileEncoding = 4; lastKnownFileType = sourcecode.c.objc; path = TestTen.m; sourceTree = "<group>"; };
		5495B2D91E94F153000CEF45 /* TestTen.xib */ = {isa = PBXFileReference; fileEncoding = 4; lastKnownFileType = file.xib; path = TestTen.xib; sourceTree = "<group>"; };
		5495B2DB1E94F153000CEF45 /* TestFour.h */ = {isa = PBXFileReference; fileEncoding = 4; lastKnownFileType = sourcecode.c.h; path = TestFour.h; sourceTree = "<group>"; };
		5495B2DC1E94F153000CEF45 /* TestFour.m */ = {isa = PBXFileReference; fileEncoding = 4; lastKnownFileType = sourcecode.c.objc; path = TestFour.m; sourceTree = "<group>"; };
		5495B2DD1E94F153000CEF45 /* TestOne.h */ = {isa = PBXFileReference; fileEncoding = 4; lastKnownFileType = sourcecode.c.h; path = TestOne.h; sourceTree = "<group>"; };
		5495B2DE1E94F153000CEF45 /* TestOne.m */ = {isa = PBXFileReference; fileEncoding = 4; lastKnownFileType = sourcecode.c.objc; path = TestOne.m; sourceTree = "<group>"; };
		5495B2DF1E94F153000CEF45 /* TestSix.h */ = {isa = PBXFileReference; fileEncoding = 4; lastKnownFileType = sourcecode.c.h; path = TestSix.h; sourceTree = "<group>"; };
		5495B2E01E94F153000CEF45 /* TestSix.m */ = {isa = PBXFileReference; fileEncoding = 4; lastKnownFileType = sourcecode.c.objc; path = TestSix.m; sourceTree = "<group>"; };
		5495B2E11E94F153000CEF45 /* TestTwo.h */ = {isa = PBXFileReference; fileEncoding = 4; lastKnownFileType = sourcecode.c.h; path = TestTwo.h; sourceTree = "<group>"; };
		5495B2E21E94F153000CEF45 /* TestTwo.m */ = {isa = PBXFileReference; fileEncoding = 4; lastKnownFileType = sourcecode.c.objc; path = TestTwo.m; sourceTree = "<group>"; };
		5495B2E41E94F153000CEF45 /* TestFive.h */ = {isa = PBXFileReference; fileEncoding = 4; lastKnownFileType = sourcecode.c.h; path = TestFive.h; sourceTree = "<group>"; };
		5495B2E51E94F153000CEF45 /* TestFive.m */ = {isa = PBXFileReference; fileEncoding = 4; lastKnownFileType = sourcecode.c.objc; path = TestFive.m; sourceTree = "<group>"; };
		5495B2E61E94F153000CEF45 /* TestSeven.h */ = {isa = PBXFileReference; fileEncoding = 4; lastKnownFileType = sourcecode.c.h; path = TestSeven.h; sourceTree = "<group>"; };
		5495B2E71E94F153000CEF45 /* TestSeven.m */ = {isa = PBXFileReference; fileEncoding = 4; lastKnownFileType = sourcecode.c.objc; path = TestSeven.m; sourceTree = "<group>"; };
		5495B2E81E94F153000CEF45 /* TestThree.h */ = {isa = PBXFileReference; fileEncoding = 4; lastKnownFileType = sourcecode.c.h; path = TestThree.h; sourceTree = "<group>"; };
		5495B2E91E94F153000CEF45 /* TestThree.m */ = {isa = PBXFileReference; fileEncoding = 4; lastKnownFileType = sourcecode.c.objc; path = TestThree.m; sourceTree = "<group>"; };
		54A08D301EA851EA0072B5B2 /* TestMyExtension.h */ = {isa = PBXFileReference; fileEncoding = 4; lastKnownFileType = sourcecode.c.h; path = TestMyExtension.h; sourceTree = "<group>"; };
		54A08D311EA851EA0072B5B2 /* TestMyExtension.m */ = {isa = PBXFileReference; fileEncoding = 4; lastKnownFileType = sourcecode.c.objc; path = TestMyExtension.m; sourceTree = "<group>"; };
		54A428761E9F7659001D4E46 /* CoreDataModel.xcdatamodel */ = {isa = PBXFileReference; lastKnownFileType = wrapper.xcdatamodel; path = CoreDataModel.xcdatamodel; sourceTree = "<group>"; };
		54A430361EA756B0005BBCF6 /* TestKVO.h */ = {isa = PBXFileReference; fileEncoding = 4; lastKnownFileType = sourcecode.c.h; path = TestKVO.h; sourceTree = "<group>"; };
		54A430371EA756B0005BBCF6 /* TestKVO.m */ = {isa = PBXFileReference; fileEncoding = 4; lastKnownFileType = sourcecode.c.objc; path = TestKVO.m; sourceTree = "<group>"; };
		54A4303D1EA7592C005BBCF6 /* TestKVOCell.h */ = {isa = PBXFileReference; fileEncoding = 4; lastKnownFileType = sourcecode.c.h; path = TestKVOCell.h; sourceTree = "<group>"; };
		54A4303E1EA7592C005BBCF6 /* TestKVOCell.m */ = {isa = PBXFileReference; fileEncoding = 4; lastKnownFileType = sourcecode.c.objc; path = TestKVOCell.m; sourceTree = "<group>"; };
		54A4303F1EA7592C005BBCF6 /* TestKVOCell.xib */ = {isa = PBXFileReference; fileEncoding = 4; lastKnownFileType = file.xib; path = TestKVOCell.xib; sourceTree = "<group>"; };
		54A430411EA7592C005BBCF6 /* TestKVO1.h */ = {isa = PBXFileReference; fileEncoding = 4; lastKnownFileType = sourcecode.c.h; path = TestKVO1.h; sourceTree = "<group>"; };
		54A430421EA7592C005BBCF6 /* TestKVO1.m */ = {isa = PBXFileReference; fileEncoding = 4; lastKnownFileType = sourcecode.c.objc; path = TestKVO1.m; sourceTree = "<group>"; };
		54A430481EA759A6005BBCF6 /* TestKVO2.h */ = {isa = PBXFileReference; fileEncoding = 4; lastKnownFileType = sourcecode.c.h; path = TestKVO2.h; sourceTree = "<group>"; };
		54A430491EA759A6005BBCF6 /* TestKVO2.m */ = {isa = PBXFileReference; fileEncoding = 4; lastKnownFileType = sourcecode.c.objc; path = TestKVO2.m; sourceTree = "<group>"; };
		54B1B5111EA5AB0900B7047F /* Test14.h */ = {isa = PBXFileReference; fileEncoding = 4; lastKnownFileType = sourcecode.c.h; path = Test14.h; sourceTree = "<group>"; };
		54B1B5121EA5AB0900B7047F /* Test14.m */ = {isa = PBXFileReference; fileEncoding = 4; lastKnownFileType = sourcecode.c.objc; path = Test14.m; sourceTree = "<group>"; };
		54BF383C1E8E5677002A38DF /* BaseTest.h */ = {isa = PBXFileReference; fileEncoding = 4; lastKnownFileType = sourcecode.c.h; name = BaseTest.h; path = ../BaseTest.h; sourceTree = "<group>"; };
		54BF383D1E8E5678002A38DF /* BaseTest.m */ = {isa = PBXFileReference; fileEncoding = 4; lastKnownFileType = sourcecode.c.objc; name = BaseTest.m; path = ../BaseTest.m; sourceTree = "<group>"; };
		54C16E401E95E38E003F6BFA /* NSString+category.h */ = {isa = PBXFileReference; fileEncoding = 4; lastKnownFileType = sourcecode.c.h; path = "NSString+category.h"; sourceTree = "<group>"; };
		54C16E411E95E38E003F6BFA /* NSString+category.m */ = {isa = PBXFileReference; fileEncoding = 4; lastKnownFileType = sourcecode.c.objc; path = "NSString+category.m"; sourceTree = "<group>"; };
		54DBA4121EAD9B3B00F2CE11 /* TestCopy.h */ = {isa = PBXFileReference; fileEncoding = 4; lastKnownFileType = sourcecode.c.h; path = TestCopy.h; sourceTree = "<group>"; };
		54DBA4131EAD9B3B00F2CE11 /* TestCopy.m */ = {isa = PBXFileReference; fileEncoding = 4; lastKnownFileType = sourcecode.c.objc; path = TestCopy.m; sourceTree = "<group>"; };
		54E1525C1E9F615A0016771D /* CoreData.framework */ = {isa = PBXFileReference; lastKnownFileType = wrapper.framework; name = CoreData.framework; path = System/Library/Frameworks/CoreData.framework; sourceTree = SDKROOT; };
		54E1525E1E9F61CA0016771D /* BaseCoreDataModel.h */ = {isa = PBXFileReference; fileEncoding = 4; lastKnownFileType = sourcecode.c.h; path = BaseCoreDataModel.h; sourceTree = "<group>"; };
		54E1525F1E9F61CA0016771D /* BaseCoreDataModel.m */ = {isa = PBXFileReference; fileEncoding = 4; lastKnownFileType = sourcecode.c.objc; path = BaseCoreDataModel.m; sourceTree = "<group>"; };
		54EB681D1EA5F7EC00C13BB9 /* TestDynamicJson.h */ = {isa = PBXFileReference; fileEncoding = 4; lastKnownFileType = sourcecode.c.h; path = TestDynamicJson.h; sourceTree = "<group>"; };
		54EB681E1EA5F7EC00C13BB9 /* TestDynamicJson.m */ = {isa = PBXFileReference; fileEncoding = 4; lastKnownFileType = sourcecode.c.objc; path = TestDynamicJson.m; sourceTree = "<group>"; };
		54EFCE5F1EAA0AFC00DB218D /* LearnSDWebImage.h */ = {isa = PBXFileReference; fileEncoding = 4; lastKnownFileType = sourcecode.c.h; path = LearnSDWebImage.h; sourceTree = "<group>"; };
		54EFCE601EAA0AFC00DB218D /* LearnSDWebImage.m */ = {isa = PBXFileReference; fileEncoding = 4; lastKnownFileType = sourcecode.c.objc; path = LearnSDWebImage.m; sourceTree = "<group>"; };
		54EFCE631EAA0D2100DB218D /* TestCellCacheMethod.h */ = {isa = PBXFileReference; fileEncoding = 4; lastKnownFileType = sourcecode.c.h; path = TestCellCacheMethod.h; sourceTree = "<group>"; };
		54EFCE641EAA0D2100DB218D /* TestCellCacheMethod.m */ = {isa = PBXFileReference; fileEncoding = 4; lastKnownFileType = sourcecode.c.objc; path = TestCellCacheMethod.m; sourceTree = "<group>"; };
		54EFCE661EAA0D9B00DB218D /* TestCellCacheCell.h */ = {isa = PBXFileReference; fileEncoding = 4; lastKnownFileType = sourcecode.c.h; path = TestCellCacheCell.h; sourceTree = "<group>"; };
		54EFCE671EAA0D9B00DB218D /* TestCellCacheCell.m */ = {isa = PBXFileReference; fileEncoding = 4; lastKnownFileType = sourcecode.c.objc; path = TestCellCacheCell.m; sourceTree = "<group>"; };
		54EFCE681EAA0D9B00DB218D /* TestCellCacheCell.xib */ = {isa = PBXFileReference; fileEncoding = 4; lastKnownFileType = file.xib; path = TestCellCacheCell.xib; sourceTree = "<group>"; };
		B3ED4F0DEAC4C485576572C6 /* Pods-test_jobQuestions.release.xcconfig */ = {isa = PBXFileReference; includeInIndex = 1; lastKnownFileType = text.xcconfig; name = "Pods-test_jobQuestions.release.xcconfig"; path = "Pods/Target Support Files/Pods-test_jobQuestions/Pods-test_jobQuestions.release.xcconfig"; sourceTree = "<group>"; };
		BDC97A314EFF12D4738A77E2 /* Pods_test_jobQuestions.framework */ = {isa = PBXFileReference; explicitFileType = wrapper.framework; includeInIndex = 0; path = Pods_test_jobQuestions.framework; sourceTree = BUILT_PRODUCTS_DIR; };
/* End PBXFileReference section */

/* Begin PBXFrameworksBuildPhase section */
		54514FC21E8BB3D80067E7AF /* Frameworks */ = {
			isa = PBXFrameworksBuildPhase;
			buildActionMask = 2147483647;
			files = (
				59E04B47E0EE7FD1394107BB /* Pods_test_jobQuestions.framework in Frameworks */,
			);
			runOnlyForDeploymentPostprocessing = 0;
		};
		54514FDB1E8BB3D90067E7AF /* Frameworks */ = {
			isa = PBXFrameworksBuildPhase;
			buildActionMask = 2147483647;
			files = (
			);
			runOnlyForDeploymentPostprocessing = 0;
		};
		54514FE61E8BB3D90067E7AF /* Frameworks */ = {
			isa = PBXFrameworksBuildPhase;
			buildActionMask = 2147483647;
			files = (
			);
			runOnlyForDeploymentPostprocessing = 0;
		};
/* End PBXFrameworksBuildPhase section */

/* Begin PBXGroup section */
		5412D3BC1EA4C23000D40CFD /* ValueForKey& ValueForKeyPath */ = {
			isa = PBXGroup;
			children = (
				5412D3B91EA4C21900D40CFD /* Test13.h */,
				5412D3BA1EA4C21900D40CFD /* Test13.m */,
				54B1B5111EA5AB0900B7047F /* Test14.h */,
				54B1B5121EA5AB0900B7047F /* Test14.m */,
			);
			path = "ValueForKey& ValueForKeyPath";
			sourceTree = "<group>";
		};
		542585FA1E9B615B0014D5E4 /* RunTime&RunLoop */ = {
			isa = PBXGroup;
			children = (
				542585FB1E9B61880014D5E4 /* Test12.h */,
				542585FC1E9B61880014D5E4 /* Test12.m */,
			);
			path = "RunTime&RunLoop";
			sourceTree = "<group>";
		};
		54514FBC1E8BB3D80067E7AF = {
			isa = PBXGroup;
			children = (
				54514FC71E8BB3D80067E7AF /* test_jobQuestions */,
				54514FE11E8BB3D90067E7AF /* test_jobQuestionsTests */,
				54514FEC1E8BB3D90067E7AF /* test_jobQuestionsUITests */,
				54514FC61E8BB3D80067E7AF /* Products */,
				54E1525B1E9F615A0016771D /* Frameworks */,
				BB573F3656A70CBA815F42A4 /* Pods */,
			);
			sourceTree = "<group>";
		};
		54514FC61E8BB3D80067E7AF /* Products */ = {
			isa = PBXGroup;
			children = (
				54514FC51E8BB3D80067E7AF /* test_jobQuestions.app */,
				54514FDE1E8BB3D90067E7AF /* test_jobQuestionsTests.xctest */,
				54514FE91E8BB3D90067E7AF /* test_jobQuestionsUITests.xctest */,
			);
			name = Products;
			sourceTree = "<group>";
		};
		54514FC71E8BB3D80067E7AF /* test_jobQuestions */ = {
			isa = PBXGroup;
			children = (
				54514FCB1E8BB3D80067E7AF /* AppDelegate.h */,
				54514FCC1E8BB3D80067E7AF /* AppDelegate.m */,
				54514FCE1E8BB3D80067E7AF /* ViewController.h */,
				54514FCF1E8BB3D80067E7AF /* ViewController.m */,
				54514FD11E8BB3D80067E7AF /* Main.storyboard */,
				54514FD41E8BB3D80067E7AF /* Assets.xcassets */,
				54514FD61E8BB3D80067E7AF /* LaunchScreen.storyboard */,
				546F46841E96247200243CCE /* Const.h */,
				546F46851E96247200243CCE /* Const.m */,
				545150001E8BBD220067E7AF /* prefixHeader.pch */,
				54514FD91E8BB3D80067E7AF /* Info.plist */,
				5495B2CC1E94F024000CEF45 /* TestFolder */,
				54514FC81E8BB3D80067E7AF /* Supporting Files */,
			);
			path = test_jobQuestions;
			sourceTree = "<group>";
		};
		54514FC81E8BB3D80067E7AF /* Supporting Files */ = {
			isa = PBXGroup;
			children = (
				54514FC91E8BB3D80067E7AF /* main.m */,
			);
			name = "Supporting Files";
			sourceTree = "<group>";
		};
		54514FE11E8BB3D90067E7AF /* test_jobQuestionsTests */ = {
			isa = PBXGroup;
			children = (
				54514FE21E8BB3D90067E7AF /* test_jobQuestionsTests.m */,
				54514FE41E8BB3D90067E7AF /* Info.plist */,
			);
			path = test_jobQuestionsTests;
			sourceTree = "<group>";
		};
		54514FEC1E8BB3D90067E7AF /* test_jobQuestionsUITests */ = {
			isa = PBXGroup;
			children = (
				54514FED1E8BB3D90067E7AF /* test_jobQuestionsUITests.m */,
				54514FEF1E8BB3D90067E7AF /* Info.plist */,
			);
			path = test_jobQuestionsUITests;
			sourceTree = "<group>";
		};
		548E633E1EA99EFB00158B7F /* Block */ = {
			isa = PBXGroup;
			children = (
				548E633F1EA99F2200158B7F /* TestBlockReference.h */,
				548E63401EA99F2200158B7F /* TestBlockReference.m */,
			);
			path = Block;
			sourceTree = "<group>";
		};
		5492F6F31E9E2C2B00B04424 /* CoreData */ = {
			isa = PBXGroup;
			children = (
				5492F7031E9E2C4000B04424 /* TestCoreData.h */,
				5492F7041E9E2C4000B04424 /* TestCoreData.m */,
				5431C8041EA49B9200205963 /* TestCoreData.xib */,
				54E1525E1E9F61CA0016771D /* BaseCoreDataModel.h */,
				54E1525F1E9F61CA0016771D /* BaseCoreDataModel.m */,
				54A428751E9F7659001D4E46 /* CoreDataModel.xcdatamodeld */,
			);
			path = CoreData;
			sourceTree = "<group>";
		};
		5495B2CC1E94F024000CEF45 /* TestFolder */ = {
			isa = PBXGroup;
			children = (
				54BF383C1E8E5677002A38DF /* BaseTest.h */,
				54BF383D1E8E5678002A38DF /* BaseTest.m */,
				54C16E401E95E38E003F6BFA /* NSString+category.h */,
				54C16E411E95E38E003F6BFA /* NSString+category.m */,
				542586011E9B6D2F0014D5E4 /* NSMutableArray+category.h */,
				542586021E9B6D2F0014D5E4 /* NSMutableArray+category.m */,
				54DBA4111EAD9B2900F2CE11 /* Copy&MutableCopy */,
				54EFCE621EAA0CE800DB218D /* Cell的缓存机制 */,
				54EFCE5E1EAA0ADC00DB218D /* SDWebImage */,
				548E633E1EA99EFB00158B7F /* Block */,
				54EB681C1EA5F7EC00C13BB9 /* DynamicJsonDeSerializate */,
				54B1B5141EA5B42200B7047F /* KVO */,
				5412D3BC1EA4C23000D40CFD /* ValueForKey& ValueForKeyPath */,
				5492F6F31E9E2C2B00B04424 /* CoreData */,
				542585FA1E9B615B0014D5E4 /* RunTime&RunLoop */,
				5495B2D01E94F153000CEF45 /* HitTestView */,
				5495B2DA1E94F153000CEF45 /* Other */,
				5495B2E31E94F153000CEF45 /* Queue */,
			);
			path = TestFolder;
			sourceTree = "<group>";
		};
		5495B2D01E94F153000CEF45 /* HitTestView */ = {
			isa = PBXGroup;
			children = (
				5495B2D11E94F153000CEF45 /* Test11.h */,
				5495B2D21E94F153000CEF45 /* Test11.m */,
				5495B2D31E94F153000CEF45 /* TestEight.h */,
				5495B2D41E94F153000CEF45 /* TestEight.m */,
				5495B2D51E94F153000CEF45 /* TestNine.h */,
				5495B2D61E94F153000CEF45 /* TestNine.m */,
				5495B2D71E94F153000CEF45 /* TestTen.h */,
				5495B2D81E94F153000CEF45 /* TestTen.m */,
				5495B2D91E94F153000CEF45 /* TestTen.xib */,
			);
			path = HitTestView;
			sourceTree = "<group>";
		};
		5495B2DA1E94F153000CEF45 /* Other */ = {
			isa = PBXGroup;
			children = (
				5495B2DB1E94F153000CEF45 /* TestFour.h */,
				5495B2DC1E94F153000CEF45 /* TestFour.m */,
				5495B2DD1E94F153000CEF45 /* TestOne.h */,
				5495B2DE1E94F153000CEF45 /* TestOne.m */,
				5495B2DF1E94F153000CEF45 /* TestSix.h */,
				5495B2E01E94F153000CEF45 /* TestSix.m */,
				5495B2E11E94F153000CEF45 /* TestTwo.h */,
				5495B2E21E94F153000CEF45 /* TestTwo.m */,
			);
			path = Other;
			sourceTree = "<group>";
		};
		5495B2E31E94F153000CEF45 /* Queue */ = {
			isa = PBXGroup;
			children = (
				5495B2E41E94F153000CEF45 /* TestFive.h */,
				5495B2E51E94F153000CEF45 /* TestFive.m */,
				5495B2E61E94F153000CEF45 /* TestSeven.h */,
				5495B2E71E94F153000CEF45 /* TestSeven.m */,
				5495B2E81E94F153000CEF45 /* TestThree.h */,
				5495B2E91E94F153000CEF45 /* TestThree.m */,
			);
			path = Queue;
			sourceTree = "<group>";
		};
		54A08D2F1EA851C50072B5B2 /* KVC以及KVO，利用runtime实现字典转模型 */ = {
			isa = PBXGroup;
			children = (
				54A08D301EA851EA0072B5B2 /* TestMyExtension.h */,
				54A08D311EA851EA0072B5B2 /* TestMyExtension.m */,
			);
			path = "KVC以及KVO，利用runtime实现字典转模型";
			sourceTree = "<group>";
		};
		54A430351EA756B0005BBCF6 /* 控制器监听一个模型的改变，之后view刷新UI */ = {
			isa = PBXGroup;
			children = (
				54A430361EA756B0005BBCF6 /* TestKVO.h */,
				54A430371EA756B0005BBCF6 /* TestKVO.m */,
			);
			path = "控制器监听一个模型的改变，之后view刷新UI";
			sourceTree = "<group>";
		};
		54A4303C1EA7592C005BBCF6 /* 测试模型数组 */ = {
			isa = PBXGroup;
			children = (
				54A4303D1EA7592C005BBCF6 /* TestKVOCell.h */,
				54A4303E1EA7592C005BBCF6 /* TestKVOCell.m */,
				54A4303F1EA7592C005BBCF6 /* TestKVOCell.xib */,
				54A430471EA7597A005BBCF6 /* 模型数组数目不变，里面的模型改变。 */,
				54A430401EA7592C005BBCF6 /* 控制器监听模型数组的增加，之后cell刷新UI */,
			);
			path = "测试模型数组";
			sourceTree = "<group>";
		};
		54A430401EA7592C005BBCF6 /* 控制器监听模型数组的增加，之后cell刷新UI */ = {
			isa = PBXGroup;
			children = (
				54A430411EA7592C005BBCF6 /* TestKVO1.h */,
				54A430421EA7592C005BBCF6 /* TestKVO1.m */,
			);
			path = "控制器监听模型数组的增加，之后cell刷新UI";
			sourceTree = "<group>";
		};
		54A430471EA7597A005BBCF6 /* 模型数组数目不变，里面的模型改变。 */ = {
			isa = PBXGroup;
			children = (
				54A430481EA759A6005BBCF6 /* TestKVO2.h */,
				54A430491EA759A6005BBCF6 /* TestKVO2.m */,
			);
			path = "模型数组数目不变，里面的模型改变。";
			sourceTree = "<group>";
		};
		54B1B5141EA5B42200B7047F /* KVO */ = {
			isa = PBXGroup;
			children = (
				54A08D2F1EA851C50072B5B2 /* KVC以及KVO，利用runtime实现字典转模型 */,
				54A4303C1EA7592C005BBCF6 /* 测试模型数组 */,
				54A430351EA756B0005BBCF6 /* 控制器监听一个模型的改变，之后view刷新UI */,
			);
			path = KVO;
			sourceTree = "<group>";
		};
		54DBA4111EAD9B2900F2CE11 /* Copy&MutableCopy */ = {
			isa = PBXGroup;
			children = (
				54DBA4121EAD9B3B00F2CE11 /* TestCopy.h */,
				54DBA4131EAD9B3B00F2CE11 /* TestCopy.m */,
			);
			path = "Copy&MutableCopy";
			sourceTree = "<group>";
		};
		54E1525B1E9F615A0016771D /* Frameworks */ = {
			isa = PBXGroup;
			children = (
				54E1525C1E9F615A0016771D /* CoreData.framework */,
				BDC97A314EFF12D4738A77E2 /* Pods_test_jobQuestions.framework */,
			);
			name = Frameworks;
			sourceTree = "<group>";
		};
		54EB681C1EA5F7EC00C13BB9 /* DynamicJsonDeSerializate */ = {
			isa = PBXGroup;
			children = (
				54EB681D1EA5F7EC00C13BB9 /* TestDynamicJson.h */,
				54EB681E1EA5F7EC00C13BB9 /* TestDynamicJson.m */,
			);
			path = DynamicJsonDeSerializate;
			sourceTree = "<group>";
		};
		54EFCE5E1EAA0ADC00DB218D /* SDWebImage */ = {
			isa = PBXGroup;
			children = (
				54EFCE5F1EAA0AFC00DB218D /* LearnSDWebImage.h */,
				54EFCE601EAA0AFC00DB218D /* LearnSDWebImage.m */,
			);
			path = SDWebImage;
			sourceTree = "<group>";
		};
		54EFCE621EAA0CE800DB218D /* Cell的缓存机制 */ = {
			isa = PBXGroup;
			children = (
				54EFCE631EAA0D2100DB218D /* TestCellCacheMethod.h */,
				54EFCE641EAA0D2100DB218D /* TestCellCacheMethod.m */,
				54EFCE661EAA0D9B00DB218D /* TestCellCacheCell.h */,
				54EFCE671EAA0D9B00DB218D /* TestCellCacheCell.m */,
				54EFCE681EAA0D9B00DB218D /* TestCellCacheCell.xib */,
			);
			path = "Cell的缓存机制";
			sourceTree = "<group>";
		};
		BB573F3656A70CBA815F42A4 /* Pods */ = {
			isa = PBXGroup;
			children = (
				4797361ED16B0B9C6E843CB7 /* Pods-test_jobQuestions.debug.xcconfig */,
				B3ED4F0DEAC4C485576572C6 /* Pods-test_jobQuestions.release.xcconfig */,
			);
			name = Pods;
			sourceTree = "<group>";
		};
/* End PBXGroup section */

/* Begin PBXNativeTarget section */
		54514FC41E8BB3D80067E7AF /* test_jobQuestions */ = {
			isa = PBXNativeTarget;
			buildConfigurationList = 54514FF21E8BB3D90067E7AF /* Build configuration list for PBXNativeTarget "test_jobQuestions" */;
			buildPhases = (
				82D13890F4DAED81716AA50D /* [CP] Check Pods Manifest.lock */,
				54514FC11E8BB3D80067E7AF /* Sources */,
				54514FC21E8BB3D80067E7AF /* Frameworks */,
				54514FC31E8BB3D80067E7AF /* Resources */,
				54528A6A3E1741AA28A5A185 /* [CP] Embed Pods Frameworks */,
				B0C4B6D5CCC14EBA03D0350A /* [CP] Copy Pods Resources */,
			);
			buildRules = (
			);
			dependencies = (
			);
			name = test_jobQuestions;
			productName = test_jobQuestions;
			productReference = 54514FC51E8BB3D80067E7AF /* test_jobQuestions.app */;
			productType = "com.apple.product-type.application";
		};
		54514FDD1E8BB3D90067E7AF /* test_jobQuestionsTests */ = {
			isa = PBXNativeTarget;
			buildConfigurationList = 54514FF51E8BB3D90067E7AF /* Build configuration list for PBXNativeTarget "test_jobQuestionsTests" */;
			buildPhases = (
				54514FDA1E8BB3D90067E7AF /* Sources */,
				54514FDB1E8BB3D90067E7AF /* Frameworks */,
				54514FDC1E8BB3D90067E7AF /* Resources */,
			);
			buildRules = (
			);
			dependencies = (
				54514FE01E8BB3D90067E7AF /* PBXTargetDependency */,
			);
			name = test_jobQuestionsTests;
			productName = test_jobQuestionsTests;
			productReference = 54514FDE1E8BB3D90067E7AF /* test_jobQuestionsTests.xctest */;
			productType = "com.apple.product-type.bundle.unit-test";
		};
		54514FE81E8BB3D90067E7AF /* test_jobQuestionsUITests */ = {
			isa = PBXNativeTarget;
			buildConfigurationList = 54514FF81E8BB3D90067E7AF /* Build configuration list for PBXNativeTarget "test_jobQuestionsUITests" */;
			buildPhases = (
				54514FE51E8BB3D90067E7AF /* Sources */,
				54514FE61E8BB3D90067E7AF /* Frameworks */,
				54514FE71E8BB3D90067E7AF /* Resources */,
			);
			buildRules = (
			);
			dependencies = (
				54514FEB1E8BB3D90067E7AF /* PBXTargetDependency */,
			);
			name = test_jobQuestionsUITests;
			productName = test_jobQuestionsUITests;
			productReference = 54514FE91E8BB3D90067E7AF /* test_jobQuestionsUITests.xctest */;
			productType = "com.apple.product-type.bundle.ui-testing";
		};
/* End PBXNativeTarget section */

/* Begin PBXProject section */
		54514FBD1E8BB3D80067E7AF /* Project object */ = {
			isa = PBXProject;
			attributes = {
				LastUpgradeCheck = 0730;
				ORGANIZATIONNAME = "Jingnan Zhang";
				TargetAttributes = {
					54514FC41E8BB3D80067E7AF = {
						CreatedOnToolsVersion = 7.3;
						DevelopmentTeam = QQLB9MPJWR;
					};
					54514FDD1E8BB3D90067E7AF = {
						CreatedOnToolsVersion = 7.3;
						TestTargetID = 54514FC41E8BB3D80067E7AF;
					};
					54514FE81E8BB3D90067E7AF = {
						CreatedOnToolsVersion = 7.3;
						TestTargetID = 54514FC41E8BB3D80067E7AF;
					};
				};
			};
			buildConfigurationList = 54514FC01E8BB3D80067E7AF /* Build configuration list for PBXProject "test_jobQuestions" */;
			compatibilityVersion = "Xcode 3.2";
			developmentRegion = English;
			hasScannedForEncodings = 0;
			knownRegions = (
				en,
				Base,
			);
			mainGroup = 54514FBC1E8BB3D80067E7AF;
			productRefGroup = 54514FC61E8BB3D80067E7AF /* Products */;
			projectDirPath = "";
			projectRoot = "";
			targets = (
				54514FC41E8BB3D80067E7AF /* test_jobQuestions */,
				54514FDD1E8BB3D90067E7AF /* test_jobQuestionsTests */,
				54514FE81E8BB3D90067E7AF /* test_jobQuestionsUITests */,
			);
		};
/* End PBXProject section */

/* Begin PBXResourcesBuildPhase section */
		54514FC31E8BB3D80067E7AF /* Resources */ = {
			isa = PBXResourcesBuildPhase;
			buildActionMask = 2147483647;
			files = (
				5431C8051EA49B9200205963 /* TestCoreData.xib in Resources */,
				54514FD81E8BB3D80067E7AF /* LaunchScreen.storyboard in Resources */,
				54514FD51E8BB3D80067E7AF /* Assets.xcassets in Resources */,
				54514FD31E8BB3D80067E7AF /* Main.storyboard in Resources */,
				54A430441EA7592C005BBCF6 /* TestKVOCell.xib in Resources */,
				54EFCE6A1EAA0D9B00DB218D /* TestCellCacheCell.xib in Resources */,
				5495B2EE1E94F153000CEF45 /* TestTen.xib in Resources */,
			);
			runOnlyForDeploymentPostprocessing = 0;
		};
		54514FDC1E8BB3D90067E7AF /* Resources */ = {
			isa = PBXResourcesBuildPhase;
			buildActionMask = 2147483647;
			files = (
			);
			runOnlyForDeploymentPostprocessing = 0;
		};
		54514FE71E8BB3D90067E7AF /* Resources */ = {
			isa = PBXResourcesBuildPhase;
			buildActionMask = 2147483647;
			files = (
			);
			runOnlyForDeploymentPostprocessing = 0;
		};
/* End PBXResourcesBuildPhase section */

/* Begin PBXShellScriptBuildPhase section */
		54528A6A3E1741AA28A5A185 /* [CP] Embed Pods Frameworks */ = {
			isa = PBXShellScriptBuildPhase;
			buildActionMask = 2147483647;
			files = (
			);
			inputPaths = (
			);
			name = "[CP] Embed Pods Frameworks";
			outputPaths = (
			);
			runOnlyForDeploymentPostprocessing = 0;
			shellPath = /bin/sh;
			shellScript = "\"${SRCROOT}/Pods/Target Support Files/Pods-test_jobQuestions/Pods-test_jobQuestions-frameworks.sh\"\n";
			showEnvVarsInLog = 0;
		};
		82D13890F4DAED81716AA50D /* [CP] Check Pods Manifest.lock */ = {
			isa = PBXShellScriptBuildPhase;
			buildActionMask = 2147483647;
			files = (
			);
			inputPaths = (
			);
			name = "[CP] Check Pods Manifest.lock";
			outputPaths = (
			);
			runOnlyForDeploymentPostprocessing = 0;
			shellPath = /bin/sh;
			shellScript = "diff \"${PODS_ROOT}/../Podfile.lock\" \"${PODS_ROOT}/Manifest.lock\" > /dev/null\nif [ $? != 0 ] ; then\n    # print error to STDERR\n    echo \"error: The sandbox is not in sync with the Podfile.lock. Run 'pod install' or update your CocoaPods installation.\" >&2\n    exit 1\nfi\n";
			showEnvVarsInLog = 0;
		};
		B0C4B6D5CCC14EBA03D0350A /* [CP] Copy Pods Resources */ = {
			isa = PBXShellScriptBuildPhase;
			buildActionMask = 2147483647;
			files = (
			);
			inputPaths = (
			);
			name = "[CP] Copy Pods Resources";
			outputPaths = (
			);
			runOnlyForDeploymentPostprocessing = 0;
			shellPath = /bin/sh;
			shellScript = "\"${SRCROOT}/Pods/Target Support Files/Pods-test_jobQuestions/Pods-test_jobQuestions-resources.sh\"\n";
			showEnvVarsInLog = 0;
		};
/* End PBXShellScriptBuildPhase section */

/* Begin PBXSourcesBuildPhase section */
		54514FC11E8BB3D80067E7AF /* Sources */ = {
			isa = PBXSourcesBuildPhase;
			buildActionMask = 2147483647;
			files = (
				5495B2EC1E94F153000CEF45 /* TestNine.m in Sources */,
				54514FD01E8BB3D80067E7AF /* ViewController.m in Sources */,
				54514FCD1E8BB3D80067E7AF /* AppDelegate.m in Sources */,
				5412D3BB1EA4C21900D40CFD /* Test13.m in Sources */,
				5495B2EF1E94F153000CEF45 /* TestFour.m in Sources */,
				5495B2ED1E94F153000CEF45 /* TestTen.m in Sources */,
				5495B2F51E94F153000CEF45 /* TestThree.m in Sources */,
				5495B2F41E94F153000CEF45 /* TestSeven.m in Sources */,
				54A4303B1EA756B0005BBCF6 /* TestKVO.m in Sources */,
				54B1B5131EA5AB0900B7047F /* Test14.m in Sources */,
				5495B2EA1E94F153000CEF45 /* Test11.m in Sources */,
				5495B2F21E94F153000CEF45 /* TestTwo.m in Sources */,
				54A4304A1EA759A6005BBCF6 /* TestKVO2.m in Sources */,
				546F46861E96247200243CCE /* Const.m in Sources */,
				5492F7051E9E2C4000B04424 /* TestCoreData.m in Sources */,
				54A430451EA7592C005BBCF6 /* TestKVO1.m in Sources */,
				5495B2EB1E94F153000CEF45 /* TestEight.m in Sources */,
				54DBA4141EAD9B3B00F2CE11 /* TestCopy.m in Sources */,
				54EFCE651EAA0D2100DB218D /* TestCellCacheMethod.m in Sources */,
				54A08D321EA851EA0072B5B2 /* TestMyExtension.m in Sources */,
				542586031E9B6D2F0014D5E4 /* NSMutableArray+category.m in Sources */,
				54A428771E9F7659001D4E46 /* CoreDataModel.xcdatamodeld in Sources */,
				54EB681F1EA5F7EC00C13BB9 /* TestDynamicJson.m in Sources */,
				54EFCE691EAA0D9B00DB218D /* TestCellCacheCell.m in Sources */,
				548E63411EA99F2200158B7F /* TestBlockReference.m in Sources */,
				54EFCE611EAA0AFC00DB218D /* LearnSDWebImage.m in Sources */,
				54A430431EA7592C005BBCF6 /* TestKVOCell.m in Sources */,
				54BF383E1E8E5678002A38DF /* BaseTest.m in Sources */,
				5495B2F11E94F153000CEF45 /* TestSix.m in Sources */,
				5495B2F01E94F153000CEF45 /* TestOne.m in Sources */,
				54514FCA1E8BB3D80067E7AF /* main.m in Sources */,
				5495B2F31E94F153000CEF45 /* TestFive.m in Sources */,
				54E152601E9F61CA0016771D /* BaseCoreDataModel.m in Sources */,
				542585FD1E9B61880014D5E4 /* Test12.m in Sources */,
				54C16E421E95E38E003F6BFA /* NSString+category.m in Sources */,
			);
			runOnlyForDeploymentPostprocessing = 0;
		};
		54514FDA1E8BB3D90067E7AF /* Sources */ = {
			isa = PBXSourcesBuildPhase;
			buildActionMask = 2147483647;
			files = (
				54514FE31E8BB3D90067E7AF /* test_jobQuestionsTests.m in Sources */,
			);
			runOnlyForDeploymentPostprocessing = 0;
		};
		54514FE51E8BB3D90067E7AF /* Sources */ = {
			isa = PBXSourcesBuildPhase;
			buildActionMask = 2147483647;
			files = (
				54514FEE1E8BB3D90067E7AF /* test_jobQuestionsUITests.m in Sources */,
			);
			runOnlyForDeploymentPostprocessing = 0;
		};
/* End PBXSourcesBuildPhase section */

/* Begin PBXTargetDependency section */
		54514FE01E8BB3D90067E7AF /* PBXTargetDependency */ = {
			isa = PBXTargetDependency;
			target = 54514FC41E8BB3D80067E7AF /* test_jobQuestions */;
			targetProxy = 54514FDF1E8BB3D90067E7AF /* PBXContainerItemProxy */;
		};
		54514FEB1E8BB3D90067E7AF /* PBXTargetDependency */ = {
			isa = PBXTargetDependency;
			target = 54514FC41E8BB3D80067E7AF /* test_jobQuestions */;
			targetProxy = 54514FEA1E8BB3D90067E7AF /* PBXContainerItemProxy */;
		};
/* End PBXTargetDependency section */

/* Begin PBXVariantGroup section */
		54514FD11E8BB3D80067E7AF /* Main.storyboard */ = {
			isa = PBXVariantGroup;
			children = (
				54514FD21E8BB3D80067E7AF /* Base */,
			);
			name = Main.storyboard;
			sourceTree = "<group>";
		};
		54514FD61E8BB3D80067E7AF /* LaunchScreen.storyboard */ = {
			isa = PBXVariantGroup;
			children = (
				54514FD71E8BB3D80067E7AF /* Base */,
			);
			name = LaunchScreen.storyboard;
			sourceTree = "<group>";
		};
/* End PBXVariantGroup section */

/* Begin XCBuildConfiguration section */
		54514FF01E8BB3D90067E7AF /* Debug */ = {
			isa = XCBuildConfiguration;
			buildSettings = {
				ALWAYS_SEARCH_USER_PATHS = NO;
				CLANG_ANALYZER_NONNULL = YES;
				CLANG_CXX_LANGUAGE_STANDARD = "gnu++0x";
				CLANG_CXX_LIBRARY = "libc++";
				CLANG_ENABLE_MODULES = YES;
				CLANG_ENABLE_OBJC_ARC = YES;
				CLANG_WARN_BOOL_CONVERSION = YES;
				CLANG_WARN_CONSTANT_CONVERSION = YES;
				CLANG_WARN_DIRECT_OBJC_ISA_USAGE = YES_ERROR;
				CLANG_WARN_EMPTY_BODY = YES;
				CLANG_WARN_ENUM_CONVERSION = YES;
				CLANG_WARN_INT_CONVERSION = YES;
				CLANG_WARN_OBJC_ROOT_CLASS = YES_ERROR;
				CLANG_WARN_UNREACHABLE_CODE = YES;
				CLANG_WARN__DUPLICATE_METHOD_MATCH = YES;
				"CODE_SIGN_IDENTITY[sdk=iphoneos*]" = "iPhone Developer";
				COPY_PHASE_STRIP = NO;
				DEBUG_INFORMATION_FORMAT = dwarf;
				ENABLE_STRICT_OBJC_MSGSEND = YES;
				ENABLE_TESTABILITY = YES;
				GCC_C_LANGUAGE_STANDARD = gnu99;
				GCC_DYNAMIC_NO_PIC = NO;
				GCC_NO_COMMON_BLOCKS = YES;
				GCC_OPTIMIZATION_LEVEL = 0;
				GCC_PREPROCESSOR_DEFINITIONS = (
					"DEBUG=1",
					"$(inherited)",
				);
				GCC_WARN_64_TO_32_BIT_CONVERSION = YES;
				GCC_WARN_ABOUT_RETURN_TYPE = YES_ERROR;
				GCC_WARN_UNDECLARED_SELECTOR = YES;
				GCC_WARN_UNINITIALIZED_AUTOS = YES_AGGRESSIVE;
				GCC_WARN_UNUSED_FUNCTION = YES;
				GCC_WARN_UNUSED_VARIABLE = YES;
				IPHONEOS_DEPLOYMENT_TARGET = 8.0;
				MTL_ENABLE_DEBUG_INFO = YES;
				ONLY_ACTIVE_ARCH = YES;
				SDKROOT = iphoneos;
				TARGETED_DEVICE_FAMILY = "1,2";
			};
			name = Debug;
		};
		54514FF11E8BB3D90067E7AF /* Release */ = {
			isa = XCBuildConfiguration;
			buildSettings = {
				ALWAYS_SEARCH_USER_PATHS = NO;
				CLANG_ANALYZER_NONNULL = YES;
				CLANG_CXX_LANGUAGE_STANDARD = "gnu++0x";
				CLANG_CXX_LIBRARY = "libc++";
				CLANG_ENABLE_MODULES = YES;
				CLANG_ENABLE_OBJC_ARC = YES;
				CLANG_WARN_BOOL_CONVERSION = YES;
				CLANG_WARN_CONSTANT_CONVERSION = YES;
				CLANG_WARN_DIRECT_OBJC_ISA_USAGE = YES_ERROR;
				CLANG_WARN_EMPTY_BODY = YES;
				CLANG_WARN_ENUM_CONVERSION = YES;
				CLANG_WARN_INT_CONVERSION = YES;
				CLANG_WARN_OBJC_ROOT_CLASS = YES_ERROR;
				CLANG_WARN_UNREACHABLE_CODE = YES;
				CLANG_WARN__DUPLICATE_METHOD_MATCH = YES;
				"CODE_SIGN_IDENTITY[sdk=iphoneos*]" = "iPhone Developer";
				COPY_PHASE_STRIP = NO;
				DEBUG_INFORMATION_FORMAT = "dwarf-with-dsym";
				ENABLE_NS_ASSERTIONS = NO;
				ENABLE_STRICT_OBJC_MSGSEND = YES;
				GCC_C_LANGUAGE_STANDARD = gnu99;
				GCC_NO_COMMON_BLOCKS = YES;
				GCC_WARN_64_TO_32_BIT_CONVERSION = YES;
				GCC_WARN_ABOUT_RETURN_TYPE = YES_ERROR;
				GCC_WARN_UNDECLARED_SELECTOR = YES;
				GCC_WARN_UNINITIALIZED_AUTOS = YES_AGGRESSIVE;
				GCC_WARN_UNUSED_FUNCTION = YES;
				GCC_WARN_UNUSED_VARIABLE = YES;
				IPHONEOS_DEPLOYMENT_TARGET = 8.0;
				MTL_ENABLE_DEBUG_INFO = NO;
				SDKROOT = iphoneos;
				TARGETED_DEVICE_FAMILY = "1,2";
				VALIDATE_PRODUCT = YES;
			};
			name = Release;
		};
		54514FF31E8BB3D90067E7AF /* Debug */ = {
			isa = XCBuildConfiguration;
			baseConfigurationReference = 4797361ED16B0B9C6E843CB7 /* Pods-test_jobQuestions.debug.xcconfig */;
			buildSettings = {
				ASSETCATALOG_COMPILER_APPICON_NAME = AppIcon;
				DEVELOPMENT_TEAM = QQLB9MPJWR;
				GCC_PRECOMPILE_PREFIX_HEADER = YES;
				GCC_PREFIX_HEADER = "$(SRCROOT)/test_jobQuestions/prefixHeader.pch";
				INFOPLIST_FILE = test_jobQuestions/Info.plist;
				LD_RUNPATH_SEARCH_PATHS = "$(inherited) @executable_path/Frameworks";
				PRODUCT_BUNDLE_IDENTIFIER = "com.quarkfinai.test-jobQuestions";
				PRODUCT_NAME = "$(TARGET_NAME)";
			};
			name = Debug;
		};
		54514FF41E8BB3D90067E7AF /* Release */ = {
			isa = XCBuildConfiguration;
			baseConfigurationReference = B3ED4F0DEAC4C485576572C6 /* Pods-test_jobQuestions.release.xcconfig */;
			buildSettings = {
				ASSETCATALOG_COMPILER_APPICON_NAME = AppIcon;
				DEVELOPMENT_TEAM = QQLB9MPJWR;
				GCC_PRECOMPILE_PREFIX_HEADER = YES;
				GCC_PREFIX_HEADER = "$(SRCROOT)/test_jobQuestions/prefixHeader.pch";
				INFOPLIST_FILE = test_jobQuestions/Info.plist;
				LD_RUNPATH_SEARCH_PATHS = "$(inherited) @executable_path/Frameworks";
				PRODUCT_BUNDLE_IDENTIFIER = "com.quarkfinai.test-jobQuestions";
				PRODUCT_NAME = "$(TARGET_NAME)";
			};
			name = Release;
		};
		54514FF61E8BB3D90067E7AF /* Debug */ = {
			isa = XCBuildConfiguration;
			buildSettings = {
				BUNDLE_LOADER = "$(TEST_HOST)";
				INFOPLIST_FILE = test_jobQuestionsTests/Info.plist;
				LD_RUNPATH_SEARCH_PATHS = "$(inherited) @executable_path/Frameworks @loader_path/Frameworks";
				PRODUCT_BUNDLE_IDENTIFIER = "com.quarkfinai.test-jobQuestionsTests";
				PRODUCT_NAME = "$(TARGET_NAME)";
				TEST_HOST = "$(BUILT_PRODUCTS_DIR)/test_jobQuestions.app/test_jobQuestions";
			};
			name = Debug;
		};
		54514FF71E8BB3D90067E7AF /* Release */ = {
			isa = XCBuildConfiguration;
			buildSettings = {
				BUNDLE_LOADER = "$(TEST_HOST)";
				INFOPLIST_FILE = test_jobQuestionsTests/Info.plist;
				LD_RUNPATH_SEARCH_PATHS = "$(inherited) @executable_path/Frameworks @loader_path/Frameworks";
				PRODUCT_BUNDLE_IDENTIFIER = "com.quarkfinai.test-jobQuestionsTests";
				PRODUCT_NAME = "$(TARGET_NAME)";
				TEST_HOST = "$(BUILT_PRODUCTS_DIR)/test_jobQuestions.app/test_jobQuestions";
			};
			name = Release;
		};
		54514FF91E8BB3D90067E7AF /* Debug */ = {
			isa = XCBuildConfiguration;
			buildSettings = {
				INFOPLIST_FILE = test_jobQuestionsUITests/Info.plist;
				LD_RUNPATH_SEARCH_PATHS = "$(inherited) @executable_path/Frameworks @loader_path/Frameworks";
				PRODUCT_BUNDLE_IDENTIFIER = "com.quarkfinai.test-jobQuestionsUITests";
				PRODUCT_NAME = "$(TARGET_NAME)";
				TEST_TARGET_NAME = test_jobQuestions;
			};
			name = Debug;
		};
		54514FFA1E8BB3D90067E7AF /* Release */ = {
			isa = XCBuildConfiguration;
			buildSettings = {
				INFOPLIST_FILE = test_jobQuestionsUITests/Info.plist;
				LD_RUNPATH_SEARCH_PATHS = "$(inherited) @executable_path/Frameworks @loader_path/Frameworks";
				PRODUCT_BUNDLE_IDENTIFIER = "com.quarkfinai.test-jobQuestionsUITests";
				PRODUCT_NAME = "$(TARGET_NAME)";
				TEST_TARGET_NAME = test_jobQuestions;
			};
			name = Release;
		};
/* End XCBuildConfiguration section */

/* Begin XCConfigurationList section */
		54514FC01E8BB3D80067E7AF /* Build configuration list for PBXProject "test_jobQuestions" */ = {
			isa = XCConfigurationList;
			buildConfigurations = (
				54514FF01E8BB3D90067E7AF /* Debug */,
				54514FF11E8BB3D90067E7AF /* Release */,
			);
			defaultConfigurationIsVisible = 0;
			defaultConfigurationName = Release;
		};
		54514FF21E8BB3D90067E7AF /* Build configuration list for PBXNativeTarget "test_jobQuestions" */ = {
			isa = XCConfigurationList;
			buildConfigurations = (
				54514FF31E8BB3D90067E7AF /* Debug */,
				54514FF41E8BB3D90067E7AF /* Release */,
			);
			defaultConfigurationIsVisible = 0;
			defaultConfigurationName = Release;
		};
		54514FF51E8BB3D90067E7AF /* Build configuration list for PBXNativeTarget "test_jobQuestionsTests" */ = {
			isa = XCConfigurationList;
			buildConfigurations = (
				54514FF61E8BB3D90067E7AF /* Debug */,
				54514FF71E8BB3D90067E7AF /* Release */,
			);
			defaultConfigurationIsVisible = 0;
			defaultConfigurationName = Release;
		};
		54514FF81E8BB3D90067E7AF /* Build configuration list for PBXNativeTarget "test_jobQuestionsUITests" */ = {
			isa = XCConfigurationList;
			buildConfigurations = (
				54514FF91E8BB3D90067E7AF /* Debug */,
				54514FFA1E8BB3D90067E7AF /* Release */,
			);
			defaultConfigurationIsVisible = 0;
			defaultConfigurationName = Release;
		};
/* End XCConfigurationList section */

/* Begin XCVersionGroup section */
		54A428751E9F7659001D4E46 /* CoreDataModel.xcdatamodeld */ = {
			isa = XCVersionGroup;
			children = (
				54A428761E9F7659001D4E46 /* CoreDataModel.xcdatamodel */,
			);
			currentVersion = 54A428761E9F7659001D4E46 /* CoreDataModel.xcdatamodel */;
			path = CoreDataModel.xcdatamodeld;
			sourceTree = "<group>";
			versionGroupType = wrapper.xcdatamodel;
		};
/* End XCVersionGroup section */
	};
	rootObject = 54514FBD1E8BB3D80067E7AF /* Project object */;
}
